
Microsoft Visual Studio Solution File, Format Version 12.00
# Visual Studio Version 17
VisualStudioVersion = 17.6.33815.320
MinimumVisualStudioVersion = 10.0.40219.1
Project("{FAE04EC0-301F-11D3-BF4B-00C04F79EFBC}") = "Eignungstest_AWP_KaiRichter", "Eignungstest_AWP_KaiRichter.csproj", "{96BE8D82-D684-4122-8043-5240C3FA2FB0}"
EndProject
Global
	GlobalSection(SolutionConfigurationPlatforms) = preSolution
		Debug|Any CPU = Debug|Any CPU
		Release|Any CPU = Release|Any CPU
	EndGlobalSection
	GlobalSection(ProjectConfigurationPlatforms) = postSolution
		{96BE8D82-D684-4122-8043-5240C3FA2FB0}.Debug|Any CPU.ActiveCfg = Debug|Any CPU
		{96BE8D82-D684-4122-8043-5240C3FA2FB0}.Debug|Any CPU.Build.0 = Debug|Any CPU
		{96BE8D82-D684-4122-8043-5240C3FA2FB0}.Release|Any CPU.ActiveCfg = Release|Any CPU
		{96BE8D82-D684-4122-8043-5240C3FA2FB0}.Release|Any CPU.Build.0 = Release|Any CPU
	EndGlobalSection
	GlobalSection(SolutionProperties) = preSolution
		HideSolutionNode = FALSE
	EndGlobalSection
	GlobalSection(ExtensibilityGlobals) = postSolution
		SolutionGuid = {667CB7A0-0657-4C01-AB21-488D78D9CC48}
	EndGlobalSection
EndGlobal
